
Microsoft Visual Studio Solution File, Format Version 12.00
# Visual Studio Version 17
VisualStudioVersion = 17.7.34031.279
MinimumVisualStudioVersion = 10.0.40219.1
Project("{FAE04EC0-301F-11D3-BF4B-00C04F79EFBC}") = "IIMenuNotificationsPatch", "IIMenuNotificationsPatch\IIMenuNotificationsPatch.csproj", "{216EDA03-FB42-439C-A117-CA3A16A22775}"
EndProject
Global
	GlobalSection(SolutionConfigurationPlatforms) = preSolution
		Debug|Any CPU = Debug|Any CPU
		Release|Any CPU = Release|Any CPU
	EndGlobalSection
	GlobalSection(ProjectConfigurationPlatforms) = postSolution
		{216EDA03-FB42-439C-A117-CA3A16A22775}.Debug|Any CPU.ActiveCfg = Debug|Any CPU
		{216EDA03-FB42-439C-A117-CA3A16A22775}.Debug|Any CPU.Build.0 = Debug|Any CPU
		{216EDA03-FB42-439C-A117-CA3A16A22775}.Release|Any CPU.ActiveCfg = Release|Any CPU
		{216EDA03-FB42-439C-A117-CA3A16A22775}.Release|Any CPU.Build.0 = Release|Any CPU
	EndGlobalSection
	GlobalSection(SolutionProperties) = preSolution
		HideSolutionNode = FALSE
	EndGlobalSection
	GlobalSection(ExtensibilityGlobals) = postSolution
		SolutionGuid = {87BBA22D-5F28-4623-B74A-19520E030143}
	EndGlobalSection
EndGlobal
